
Microsoft Visual Studio Solution File, Format Version 12.00
# Visual Studio Version 17
VisualStudioVersion = 17.3.32811.315
MinimumVisualStudioVersion = 10.0.40219.1
Project("{FAE04EC0-301F-11D3-BF4B-00C04F79EFBC}") = "EmployeeDirectory5", "EmployeeDirectory5.csproj", "{9AEF4CEE-C31E-43A2-AB35-644EFEE2F460}"
EndProject
Project("{E24C65DC-7377-472B-9ABA-BC803B73C61A}") = "DataAccessLayer", "..\..\..\Downloads\DataAccessLayer\", "{AA840BD8-8C98-402E-97B1-5F7A6B5F9B18}"
	ProjectSection(WebsiteProperties) = preProject
		TargetFrameworkMoniker = ".NETFramework,Version%3Dv4.8.1"
		Debug.AspNetCompiler.VirtualPath = "/localhost_60912"
		Debug.AspNetCompiler.PhysicalPath = "..\..\..\Downloads\DataAccessLayer\"
		Debug.AspNetCompiler.TargetPath = "PrecompiledWeb\localhost_60912\"
		Debug.AspNetCompiler.Updateable = "true"
		Debug.AspNetCompiler.ForceOverwrite = "true"
		Debug.AspNetCompiler.FixedNames = "false"
		Debug.AspNetCompiler.Debug = "True"
		Release.AspNetCompiler.VirtualPath = "/localhost_60912"
		Release.AspNetCompiler.PhysicalPath = "..\..\..\Downloads\DataAccessLayer\"
		Release.AspNetCompiler.TargetPath = "PrecompiledWeb\localhost_60912\"
		Release.AspNetCompiler.Updateable = "true"
		Release.AspNetCompiler.ForceOverwrite = "true"
		Release.AspNetCompiler.FixedNames = "false"
		Release.AspNetCompiler.Debug = "False"
		VWDPort = "60912"
		SlnRelativePath = "..\..\..\Downloads\DataAccessLayer\"
	EndProjectSection
EndProject
Project("{E24C65DC-7377-472B-9ABA-BC803B73C61A}") = "BLL", "..\..\..\Downloads\BLL\", "{4F6F25F5-9F3C-4140-B5EE-625041A3A44A}"
	ProjectSection(WebsiteProperties) = preProject
		TargetFrameworkMoniker = ".NETFramework,Version%3Dv4.8.1"
		Debug.AspNetCompiler.VirtualPath = "/localhost_60901"
		Debug.AspNetCompiler.PhysicalPath = "..\..\..\Downloads\BLL\"
		Debug.AspNetCompiler.TargetPath = "PrecompiledWeb\localhost_60901\"
		Debug.AspNetCompiler.Updateable = "true"
		Debug.AspNetCompiler.ForceOverwrite = "true"
		Debug.AspNetCompiler.FixedNames = "false"
		Debug.AspNetCompiler.Debug = "True"
		Release.AspNetCompiler.VirtualPath = "/localhost_60901"
		Release.AspNetCompiler.PhysicalPath = "..\..\..\Downloads\BLL\"
		Release.AspNetCompiler.TargetPath = "PrecompiledWeb\localhost_60901\"
		Release.AspNetCompiler.Updateable = "true"
		Release.AspNetCompiler.ForceOverwrite = "true"
		Release.AspNetCompiler.FixedNames = "false"
		Release.AspNetCompiler.Debug = "False"
		VWDPort = "60901"
		SlnRelativePath = "..\..\..\Downloads\BLL\"
	EndProjectSection
EndProject
Global
	GlobalSection(SolutionConfigurationPlatforms) = preSolution
		Debug|Any CPU = Debug|Any CPU
		Release|Any CPU = Release|Any CPU
	EndGlobalSection
	GlobalSection(ProjectConfigurationPlatforms) = postSolution
		{9AEF4CEE-C31E-43A2-AB35-644EFEE2F460}.Debug|Any CPU.ActiveCfg = Debug|Any CPU
		{9AEF4CEE-C31E-43A2-AB35-644EFEE2F460}.Debug|Any CPU.Build.0 = Debug|Any CPU
		{9AEF4CEE-C31E-43A2-AB35-644EFEE2F460}.Release|Any CPU.ActiveCfg = Release|Any CPU
		{9AEF4CEE-C31E-43A2-AB35-644EFEE2F460}.Release|Any CPU.Build.0 = Release|Any CPU
		{AA840BD8-8C98-402E-97B1-5F7A6B5F9B18}.Debug|Any CPU.ActiveCfg = Debug|Any CPU
		{AA840BD8-8C98-402E-97B1-5F7A6B5F9B18}.Debug|Any CPU.Build.0 = Debug|Any CPU
		{AA840BD8-8C98-402E-97B1-5F7A6B5F9B18}.Release|Any CPU.ActiveCfg = Debug|Any CPU
		{AA840BD8-8C98-402E-97B1-5F7A6B5F9B18}.Release|Any CPU.Build.0 = Debug|Any CPU
		{4F6F25F5-9F3C-4140-B5EE-625041A3A44A}.Debug|Any CPU.ActiveCfg = Debug|Any CPU
		{4F6F25F5-9F3C-4140-B5EE-625041A3A44A}.Debug|Any CPU.Build.0 = Debug|Any CPU
		{4F6F25F5-9F3C-4140-B5EE-625041A3A44A}.Release|Any CPU.ActiveCfg = Debug|Any CPU
		{4F6F25F5-9F3C-4140-B5EE-625041A3A44A}.Release|Any CPU.Build.0 = Debug|Any CPU
	EndGlobalSection
	GlobalSection(SolutionProperties) = preSolution
		HideSolutionNode = FALSE
	EndGlobalSection
	GlobalSection(ExtensibilityGlobals) = postSolution
		SolutionGuid = {DF2D3E9E-A74A-4F06-AEE6-FE4805D194D4}
	EndGlobalSection
EndGlobal
